
Microsoft Visual Studio Solution File, Format Version 12.00
# Visual Studio 15
Project("{FAE04EC0-301F-11D3-BF4B-00C04F79EFBC}") = "atcoder130b", "atcoder130b\atcoder130b.csproj", "{6C99D783-32D7-416F-867A-32F736854E1B}"
EndProject
Global
	GlobalSection(SolutionConfigurationPlatforms) = preSolution
		Debug|Any CPU = Debug|Any CPU
		Release|Any CPU = Release|Any CPU
	EndGlobalSection
	GlobalSection(ProjectConfigurationPlatforms) = postSolution
		{6C99D783-32D7-416F-867A-32F736854E1B}.Debug|Any CPU.ActiveCfg = Debug|Any CPU
		{6C99D783-32D7-416F-867A-32F736854E1B}.Debug|Any CPU.Build.0 = Debug|Any CPU
		{6C99D783-32D7-416F-867A-32F736854E1B}.Release|Any CPU.ActiveCfg = Release|Any CPU
		{6C99D783-32D7-416F-867A-32F736854E1B}.Release|Any CPU.Build.0 = Release|Any CPU
	EndGlobalSection
EndGlobal
